// !$*UTF8*$!
{
	archiveVersion = 1;
	classes = {
	};
	objectVersion = 77;
	objects = {

/* Begin PBXBuildFile section */
		DB2E41112EFACCE5008C32A5 /* Supabase in Frameworks */ = {isa = PBXBuildFile; productRef = DB2E41102EFACCE5008C32A5 /* Supabase */; };
		DB2E41352EFAD9C0008C32A5 /* README.md in Sources */ = {isa = PBXBuildFile; fileRef = DB2E41342EFAD9BA008C32A5 /* README.md */; };
		DB39AD5C2EFACBC0007C88C4 /* Auth in Frameworks */ = {isa = PBXBuildFile; productRef = DB39AD5B2EFACBC0007C88C4 /* Auth */; };
		DB39AD5E2EFACBC0007C88C4 /* Functions in Frameworks */ = {isa = PBXBuildFile; productRef = DB39AD5D2EFACBC0007C88C4 /* Functions */; };
		DB39AD602EFACBC0007C88C4 /* PostgREST in Frameworks */ = {isa = PBXBuildFile; productRef = DB39AD5F2EFACBC0007C88C4 /* PostgREST */; };
		DB39AD622EFACBC0007C88C4 /* Realtime in Frameworks */ = {isa = PBXBuildFile; productRef = DB39AD612EFACBC0007C88C4 /* Realtime */; };
		DB39AD642EFACBC0007C88C4 /* Storage in Frameworks */ = {isa = PBXBuildFile; productRef = DB39AD632EFACBC0007C88C4 /* Storage */; };
		DB6ADFC02F119616000EF164 /* FirebaseAILogic in Frameworks */ = {isa = PBXBuildFile; productRef = DB6ADFBF2F119616000EF164 /* FirebaseAILogic */; };
/* End PBXBuildFile section */

/* Begin PBXFileReference section */
		DB2E41342EFAD9BA008C32A5 /* README.md */ = {isa = PBXFileReference; lastKnownFileType = net.daringfireball.markdown; path = README.md; sourceTree = "<group>"; };
		DB895D952EFAC6690068C064 /* Lifestyle OS.app */ = {isa = PBXFileReference; explicitFileType = wrapper.application; includeInIndex = 0; path = "Lifestyle OS.app"; sourceTree = BUILT_PRODUCTS_DIR; };
/* End PBXFileReference section */

/* Begin PBXFileSystemSynchronizedBuildFileExceptionSet section */
		DB180BD42F11400600D0738D /* Exceptions for "Lifestyle OS" folder in "Lifestyle OS" target */ = {
			isa = PBXFileSystemSynchronizedBuildFileExceptionSet;
			membershipExceptions = (
				Info.plist,
			);
			target = DB895D942EFAC6690068C064 /* Lifestyle OS */;
		};
/* End PBXFileSystemSynchronizedBuildFileExceptionSet section */

/* Begin PBXFileSystemSynchronizedRootGroup section */
		DB895D972EFAC6690068C064 /* Lifestyle OS */ = {
			isa = PBXFileSystemSynchronizedRootGroup;
			exceptions = (
				DB180BD42F11400600D0738D /* Exceptions for "Lifestyle OS" folder in "Lifestyle OS" target */,
			);
			path = "Lifestyle OS";
			sourceTree = "<group>";
		};
/* End PBXFileSystemSynchronizedRootGroup section */

/* Begin PBXFrameworksBuildPhase section */
		DB895D922EFAC6690068C064 /* Frameworks */ = {
			isa = PBXFrameworksBuildPhase;
			buildActionMask = 2147483647;
			files = (
				DB39AD602EFACBC0007C88C4 /* PostgREST in Frameworks */,
				DB39AD5E2EFACBC0007C88C4 /* Functions in Frameworks */,
				DB2E41112EFACCE5008C32A5 /* Supabase in Frameworks */,
				DB6ADFC02F119616000EF164 /* FirebaseAILogic in Frameworks */,
				DB39AD5C2EFACBC0007C88C4 /* Auth in Frameworks */,
				DB39AD642EFACBC0007C88C4 /* Storage in Frameworks */,
				DB39AD622EFACBC0007C88C4 /* Realtime in Frameworks */,
			);
			runOnlyForDeploymentPostprocessing = 0;
		};
/* End PBXFrameworksBuildPhase section */

/* Begin PBXGroup section */
		DB2E410F2EFACCE5008C32A5 /* Frameworks */ = {
			isa = PBXGroup;
			children = (
			);
			name = Frameworks;
			sourceTree = "<group>";
		};
		DB895D8C2EFAC6690068C064 = {
			isa = PBXGroup;
			children = (
				DB895D972EFAC6690068C064 /* Lifestyle OS */,
				DB2E410F2EFACCE5008C32A5 /* Frameworks */,
				DB895D962EFAC6690068C064 /* Products */,
				DB2E41342EFAD9BA008C32A5 /* README.md */,
			);
			sourceTree = "<group>";
		};
		DB895D962EFAC6690068C064 /* Products */ = {
			isa = PBXGroup;
			children = (
				DB895D952EFAC6690068C064 /* Lifestyle OS.app */,
			);
			name = Products;
			sourceTree = "<group>";
		};
/* End PBXGroup section */

/* Begin PBXNativeTarget section */
		DB895D942EFAC6690068C064 /* Lifestyle OS */ = {
			isa = PBXNativeTarget;
			buildConfigurationList = DB895DA02EFAC66A0068C064 /* Build configuration list for PBXNativeTarget "Lifestyle OS" */;
			buildPhases = (
				DB895D912EFAC6690068C064 /* Sources */,
				DB895D922EFAC6690068C064 /* Frameworks */,
				DB895D932EFAC6690068C064 /* Resources */,
			);
			buildRules = (
			);
			dependencies = (
			);
			fileSystemSynchronizedGroups = (
				DB895D972EFAC6690068C064 /* Lifestyle OS */,
			);
			name = "Lifestyle OS";
			packageProductDependencies = (
				DB39AD5B2EFACBC0007C88C4 /* Auth */,
				DB39AD5D2EFACBC0007C88C4 /* Functions */,
				DB39AD5F2EFACBC0007C88C4 /* PostgREST */,
				DB39AD612EFACBC0007C88C4 /* Realtime */,
				DB39AD632EFACBC0007C88C4 /* Storage */,
				DB2E41102EFACCE5008C32A5 /* Supabase */,
				DB6ADFBF2F119616000EF164 /* FirebaseAILogic */,
			);
			productName = "Lifestyle OS";
			productReference = DB895D952EFAC6690068C064 /* Lifestyle OS.app */;
			productType = "com.apple.product-type.application";
		};
/* End PBXNativeTarget section */

/* Begin PBXProject section */
		DB895D8D2EFAC6690068C064 /* Project object */ = {
			isa = PBXProject;
			attributes = {
				BuildIndependentTargetsInParallel = 1;
				LastSwiftUpdateCheck = 2620;
				LastUpgradeCheck = 2620;
				TargetAttributes = {
					DB895D942EFAC6690068C064 = {
						CreatedOnToolsVersion = 26.2;
					};
				};
			};
			buildConfigurationList = DB895D902EFAC6690068C064 /* Build configuration list for PBXProject "Lifestyle OS" */;
			developmentRegion = en;
			hasScannedForEncodings = 0;
			knownRegions = (
				en,
				Base,
			);
			mainGroup = DB895D8C2EFAC6690068C064;
			minimizedProjectReferenceProxies = 1;
			packageReferences = (
				DB39AD5A2EFACBC0007C88C4 /* XCRemoteSwiftPackageReference "supabase-swift" */,
				DB6ADFBE2F119616000EF164 /* XCRemoteSwiftPackageReference "firebase-ios-sdk" */,
			);
			preferredProjectObjectVersion = 77;
			productRefGroup = DB895D962EFAC6690068C064 /* Products */;
			projectDirPath = "";
			projectRoot = "";
			targets = (
				DB895D942EFAC6690068C064 /* Lifestyle OS */,
			);
		};
/* End PBXProject section */

/* Begin PBXResourcesBuildPhase section */
		DB895D932EFAC6690068C064 /* Resources */ = {
			isa = PBXResourcesBuildPhase;
			buildActionMask = 2147483647;
			files = (
			);
			runOnlyForDeploymentPostprocessing = 0;
		};
/* End PBXResourcesBuildPhase section */

/* Begin PBXSourcesBuildPhase section */
		DB895D912EFAC6690068C064 /* Sources */ = {
			isa = PBXSourcesBuildPhase;
			buildActionMask = 2147483647;
			files = (
				DB2E41352EFAD9C0008C32A5 /* README.md in Sources */,
			);
			runOnlyForDeploymentPostprocessing = 0;
		};
/* End PBXSourcesBuildPhase section */

/* Begin XCBuildConfiguration section */
		DB895D9E2EFAC66A0068C064 /* Debug */ = {
			isa = XCBuildConfiguration;
			buildSettings = {
				ALWAYS_SEARCH_USER_PATHS = NO;
				ASSETCATALOG_COMPILER_GENERATE_SWIFT_ASSET_SYMBOL_EXTENSIONS = YES;
				CLANG_ANALYZER_NONNULL = YES;
				CLANG_ANALYZER_NUMBER_OBJECT_CONVERSION = YES_AGGRESSIVE;
				CLANG_CXX_LANGUAGE_STANDARD = "gnu++20";
				CLANG_ENABLE_MODULES = YES;
				CLANG_ENABLE_OBJC_ARC = YES;
				CLANG_ENABLE_OBJC_WEAK = YES;
				CLANG_WARN_BLOCK_CAPTURE_AUTORELEASING = YES;
				CLANG_WARN_BOOL_CONVERSION = YES;
				CLANG_WARN_COMMA = YES;
				CLANG_WARN_CONSTANT_CONVERSION = YES;
				CLANG_WARN_DEPRECATED_OBJC_IMPLEMENTATIONS = YES;
				CLANG_WARN_DIRECT_OBJC_ISA_USAGE = YES_ERROR;
				CLANG_WARN_DOCUMENTATION_COMMENTS = YES;
				CLANG_WARN_EMPTY_BODY = YES;
				CLANG_WARN_ENUM_CONVERSION = YES;
				CLANG_WARN_INFINITE_RECURSION = YES;
				CLANG_WARN_INT_CONVERSION = YES;
				CLANG_WARN_NON_LITERAL_NULL_CONVERSION = YES;
				CLANG_WARN_OBJC_IMPLICIT_RETAIN_SELF = YES;
				CLANG_WARN_OBJC_LITERAL_CONVERSION = YES;
				CLANG_WARN_OBJC_ROOT_CLASS = YES_ERROR;
				CLANG_WARN_QUOTED_INCLUDE_IN_FRAMEWORK_HEADER = YES;
				CLANG_WARN_RANGE_LOOP_ANALYSIS = YES;
				CLANG_WARN_STRICT_PROTOTYPES = YES;
				CLANG_WARN_SUSPICIOUS_MOVE = YES;
				CLANG_WARN_UNGUARDED_AVAILABILITY = YES_AGGRESSIVE;
				CLANG_WARN_UNREACHABLE_CODE = YES;
				CLANG_WARN__DUPLICATE_METHOD_MATCH = YES;
				COPY_PHASE_STRIP = NO;
				DEBUG_INFORMATION_FORMAT = dwarf;
				DEVELOPMENT_TEAM = Q2QYS32GBA;
				ENABLE_STRICT_OBJC_MSGSEND = YES;
				ENABLE_TESTABILITY = YES;
				ENABLE_USER_SCRIPT_SANDBOXING = YES;
				GCC_C_LANGUAGE_STANDARD = gnu17;
				GCC_DYNAMIC_NO_PIC = NO;
				GCC_NO_COMMON_BLOCKS = YES;
				GCC_OPTIMIZATION_LEVEL = 0;
				GCC_PREPROCESSOR_DEFINITIONS = (
					"DEBUG=1",
					"$(inherited)",
				);
				GCC_WARN_64_TO_32_BIT_CONVERSION = YES;
				GCC_WARN_ABOUT_RETURN_TYPE = YES_ERROR;
				GCC_WARN_UNDECLARED_SELECTOR = YES;
				GCC_WARN_UNINITIALIZED_AUTOS = YES_AGGRESSIVE;
				GCC_WARN_UNUSED_FUNCTION = YES;
				GCC_WARN_UNUSED_VARIABLE = YES;
				IPHONEOS_DEPLOYMENT_TARGET = 26.2;
				LOCALIZATION_PREFERS_STRING_CATALOGS = YES;
				MTL_ENABLE_DEBUG_INFO = INCLUDE_SOURCE;
				MTL_FAST_MATH = YES;
				ONLY_ACTIVE_ARCH = YES;
				SDKROOT = iphoneos;
				SWIFT_ACTIVE_COMPILATION_CONDITIONS = "DEBUG $(inherited)";
				SWIFT_OPTIMIZATION_LEVEL = "-Onone";
			};
			name = Debug;
		};
		DB895D9F2EFAC66A0068C064 /* Release */ = {
			isa = XCBuildConfiguration;
			buildSettings = {
				ALWAYS_SEARCH_USER_PATHS = NO;
				ASSETCATALOG_COMPILER_GENERATE_SWIFT_ASSET_SYMBOL_EXTENSIONS = YES;
				CLANG_ANALYZER_NONNULL = YES;
				CLANG_ANALYZER_NUMBER_OBJECT_CONVERSION = YES_AGGRESSIVE;
				CLANG_CXX_LANGUAGE_STANDARD = "gnu++20";
				CLANG_ENABLE_MODULES = YES;
				CLANG_ENABLE_OBJC_ARC = YES;
				CLANG_ENABLE_OBJC_WEAK = YES;
				CLANG_WARN_BLOCK_CAPTURE_AUTORELEASING = YES;
				CLANG_WARN_BOOL_CONVERSION = YES;
				CLANG_WARN_COMMA = YES;
				CLANG_WARN_CONSTANT_CONVERSION = YES;
				CLANG_WARN_DEPRECATED_OBJC_IMPLEMENTATIONS = YES;
				CLANG_WARN_DIRECT_OBJC_ISA_USAGE = YES_ERROR;
				CLANG_WARN_DOCUMENTATION_COMMENTS = YES;
				CLANG_WARN_EMPTY_BODY = YES;
				CLANG_WARN_ENUM_CONVERSION = YES;
				CLANG_WARN_INFINITE_RECURSION = YES;
				CLANG_WARN_INT_CONVERSION = YES;
				CLANG_WARN_NON_LITERAL_NULL_CONVERSION = YES;
				CLANG_WARN_OBJC_IMPLICIT_RETAIN_SELF = YES;
				CLANG_WARN_OBJC_LITERAL_CONVERSION = YES;
				CLANG_WARN_OBJC_ROOT_CLASS = YES_ERROR;
				CLANG_WARN_QUOTED_INCLUDE_IN_FRAMEWORK_HEADER = YES;
				CLANG_WARN_RANGE_LOOP_ANALYSIS = YES;
				CLANG_WARN_STRICT_PROTOTYPES = YES;
				CLANG_WARN_SUSPICIOUS_MOVE = YES;
				CLANG_WARN_UNGUARDED_AVAILABILITY = YES_AGGRESSIVE;
				CLANG_WARN_UNREACHABLE_CODE = YES;
				CLANG_WARN__DUPLICATE_METHOD_MATCH = YES;
				COPY_PHASE_STRIP = NO;
				DEBUG_INFORMATION_FORMAT = "dwarf-with-dsym";
				DEVELOPMENT_TEAM = Q2QYS32GBA;
				ENABLE_NS_ASSERTIONS = NO;
				ENABLE_STRICT_OBJC_MSGSEND = YES;
				ENABLE_USER_SCRIPT_SANDBOXING = YES;
				GCC_C_LANGUAGE_STANDARD = gnu17;
				GCC_NO_COMMON_BLOCKS = YES;
				GCC_WARN_64_TO_32_BIT_CONVERSION = YES;
				GCC_WARN_ABOUT_RETURN_TYPE = YES_ERROR;
				GCC_WARN_UNDECLARED_SELECTOR = YES;
				GCC_WARN_UNINITIALIZED_AUTOS = YES_AGGRESSIVE;
				GCC_WARN_UNUSED_FUNCTION = YES;
				GCC_WARN_UNUSED_VARIABLE = YES;
				IPHONEOS_DEPLOYMENT_TARGET = 26.2;
				LOCALIZATION_PREFERS_STRING_CATALOGS = YES;
				MTL_ENABLE_DEBUG_INFO = NO;
				MTL_FAST_MATH = YES;
				SDKROOT = iphoneos;
				SWIFT_COMPILATION_MODE = wholemodule;
				VALIDATE_PRODUCT = YES;
			};
			name = Release;
		};
		DB895DA12EFAC66A0068C064 /* Debug */ = {
			isa = XCBuildConfiguration;
			buildSettings = {
				ASSETCATALOG_COMPILER_APPICON_NAME = AppIcon;
				ASSETCATALOG_COMPILER_GLOBAL_ACCENT_COLOR_NAME = AccentColor;
				CODE_SIGN_STYLE = Automatic;
				CURRENT_PROJECT_VERSION = 1;
				DEVELOPMENT_TEAM = Q2QYS32GBA;
				ENABLE_PREVIEWS = YES;
				GENERATE_INFOPLIST_FILE = YES;
				INFOPLIST_KEY_UIApplicationSceneManifest_Generation = YES;
				INFOPLIST_KEY_UIApplicationSupportsIndirectInputEvents = YES;
				INFOPLIST_KEY_UILaunchScreen_Generation = YES;
				INFOPLIST_KEY_UISupportedInterfaceOrientations_iPad = "UIInterfaceOrientationPortrait UIInterfaceOrientationPortraitUpsideDown UIInterfaceOrientationLandscapeLeft UIInterfaceOrientationLandscapeRight";
				INFOPLIST_KEY_UISupportedInterfaceOrientations_iPhone = "UIInterfaceOrientationPortrait UIInterfaceOrientationLandscapeLeft UIInterfaceOrientationLandscapeRight";
				IPHONEOS_DEPLOYMENT_TARGET = 18.6;
				LD_RUNPATH_SEARCH_PATHS = (
					"$(inherited)",
					"@executable_path/Frameworks",
				);
				MARKETING_VERSION = 1.0;
				PRODUCT_BUNDLE_IDENTIFIER = "Duyen-Le.Lifestyle-OS";
				PRODUCT_NAME = "$(TARGET_NAME)";
				STRING_CATALOG_GENERATE_SYMBOLS = YES;
				SWIFT_APPROACHABLE_CONCURRENCY = YES;
				SWIFT_DEFAULT_ACTOR_ISOLATION = MainActor;
				SWIFT_EMIT_LOC_STRINGS = YES;
				SWIFT_UPCOMING_FEATURE_MEMBER_IMPORT_VISIBILITY = YES;
				SWIFT_VERSION = 5.0;
				TARGETED_DEVICE_FAMILY = "1,2";
			};
			name = Debug;
		};
		DB895DA22EFAC66A0068C064 /* Release */ = {
			isa = XCBuildConfiguration;
			buildSettings = {
				ASSETCATALOG_COMPILER_APPICON_NAME = AppIcon;
				ASSETCATALOG_COMPILER_GLOBAL_ACCENT_COLOR_NAME = AccentColor;
				CODE_SIGN_STYLE = Automatic;
				CURRENT_PROJECT_VERSION = 1;
				DEVELOPMENT_TEAM = Q2QYS32GBA;
				ENABLE_PREVIEWS = YES;
				GENERATE_INFOPLIST_FILE = YES;
				INFOPLIST_KEY_UIApplicationSceneManifest_Generation = YES;
				INFOPLIST_KEY_UIApplicationSupportsIndirectInputEvents = YES;
				INFOPLIST_KEY_UILaunchScreen_Generation = YES;
				INFOPLIST_KEY_UISupportedInterfaceOrientations_iPad = "UIInterfaceOrientationPortrait UIInterfaceOrientationPortraitUpsideDown UIInterfaceOrientationLandscapeLeft UIInterfaceOrientationLandscapeRight";
				INFOPLIST_KEY_UISupportedInterfaceOrientations_iPhone = "UIInterfaceOrientationPortrait UIInterfaceOrientationLandscapeLeft UIInterfaceOrientationLandscapeRight";
				IPHONEOS_DEPLOYMENT_TARGET = 18.6;
				LD_RUNPATH_SEARCH_PATHS = (
					"$(inherited)",
					"@executable_path/Frameworks",
				);
				MARKETING_VERSION = 1.0;
				PRODUCT_BUNDLE_IDENTIFIER = "Duyen-Le.Lifestyle-OS";
				PRODUCT_NAME = "$(TARGET_NAME)";
				STRING_CATALOG_GENERATE_SYMBOLS = YES;
				SWIFT_APPROACHABLE_CONCURRENCY = YES;
				SWIFT_DEFAULT_ACTOR_ISOLATION = MainActor;
				SWIFT_EMIT_LOC_STRINGS = YES;
				SWIFT_UPCOMING_FEATURE_MEMBER_IMPORT_VISIBILITY = YES;
				SWIFT_VERSION = 5.0;
				TARGETED_DEVICE_FAMILY = "1,2";
			};
			name = Release;
		};
/* End XCBuildConfiguration section */

/* Begin XCConfigurationList section */
		DB895D902EFAC6690068C064 /* Build configuration list for PBXProject "Lifestyle OS" */ = {
			isa = XCConfigurationList;
			buildConfigurations = (
				DB895D9E2EFAC66A0068C064 /* Debug */,
				DB895D9F2EFAC66A0068C064 /* Release */,
			);
			defaultConfigurationIsVisible = 0;
			defaultConfigurationName = Release;
		};
		DB895DA02EFAC66A0068C064 /* Build configuration list for PBXNativeTarget "Lifestyle OS" */ = {
			isa = XCConfigurationList;
			buildConfigurations = (
				DB895DA12EFAC66A0068C064 /* Debug */,
				DB895DA22EFAC66A0068C064 /* Release */,
			);
			defaultConfigurationIsVisible = 0;
			defaultConfigurationName = Release;
		};
/* End XCConfigurationList section */

/* Begin XCRemoteSwiftPackageReference section */
		DB39AD5A2EFACBC0007C88C4 /* XCRemoteSwiftPackageReference "supabase-swift" */ = {
			isa = XCRemoteSwiftPackageReference;
			repositoryURL = "https://github.com/supabase/supabase-swift";
			requirement = {
				kind = upToNextMajorVersion;
				minimumVersion = 2.5.1;
			};
		};
		DB6ADFBE2F119616000EF164 /* XCRemoteSwiftPackageReference "firebase-ios-sdk" */ = {
			isa = XCRemoteSwiftPackageReference;
			repositoryURL = "https://github.com/firebase/firebase-ios-sdk";
			requirement = {
				kind = upToNextMajorVersion;
				minimumVersion = 12.7.0;
			};
		};
/* End XCRemoteSwiftPackageReference section */

/* Begin XCSwiftPackageProductDependency section */
		DB2E41102EFACCE5008C32A5 /* Supabase */ = {
			isa = XCSwiftPackageProductDependency;
			package = DB39AD5A2EFACBC0007C88C4 /* XCRemoteSwiftPackageReference "supabase-swift" */;
			productName = Supabase;
		};
		DB39AD5B2EFACBC0007C88C4 /* Auth */ = {
			isa = XCSwiftPackageProductDependency;
			package = DB39AD5A2EFACBC0007C88C4 /* XCRemoteSwiftPackageReference "supabase-swift" */;
			productName = Auth;
		};
		DB39AD5D2EFACBC0007C88C4 /* Functions */ = {
			isa = XCSwiftPackageProductDependency;
			package = DB39AD5A2EFACBC0007C88C4 /* XCRemoteSwiftPackageReference "supabase-swift" */;
			productName = Functions;
		};
		DB39AD5F2EFACBC0007C88C4 /* PostgREST */ = {
			isa = XCSwiftPackageProductDependency;
			package = DB39AD5A2EFACBC0007C88C4 /* XCRemoteSwiftPackageReference "supabase-swift" */;
			productName = PostgREST;
		};
		DB39AD612EFACBC0007C88C4 /* Realtime */ = {
			isa = XCSwiftPackageProductDependency;
			package = DB39AD5A2EFACBC0007C88C4 /* XCRemoteSwiftPackageReference "supabase-swift" */;
			productName = Realtime;
		};
		DB39AD632EFACBC0007C88C4 /* Storage */ = {
			isa = XCSwiftPackageProductDependency;
			package = DB39AD5A2EFACBC0007C88C4 /* XCRemoteSwiftPackageReference "supabase-swift" */;
			productName = Storage;
		};
		DB6ADFBF2F119616000EF164 /* FirebaseAILogic */ = {
			isa = XCSwiftPackageProductDependency;
			package = DB6ADFBE2F119616000EF164 /* XCRemoteSwiftPackageReference "firebase-ios-sdk" */;
			productName = FirebaseAILogic;
		};
/* End XCSwiftPackageProductDependency section */
	};
	rootObject = DB895D8D2EFAC6690068C064 /* Project object */;
}
